// !$*UTF8*$!
{
	archiveVersion = 1;
	classes = {
	};
	objectVersion = 56;
	objects = {

/* Begin PBXBuildFile section */
		D3008D1B2C5402AB004C65C6 /* BaseListController.swift in Sources */ = {isa = PBXBuildFile; fileRef = D3008D1A2C5402AB004C65C6 /* BaseListController.swift */; };
		D3008D1D2C540D7F004C65C6 /* CalendarHorizontalController.swift in Sources */ = {isa = PBXBuildFile; fileRef = D3008D1C2C540D7F004C65C6 /* CalendarHorizontalController.swift */; };
		D3008D202C540DE1004C65C6 /* SnapKit in Frameworks */ = {isa = PBXBuildFile; productRef = D3008D1F2C540DE1004C65C6 /* SnapKit */; };
		D3008D222C540E3F004C65C6 /* HorizontalSnappingController.swift in Sources */ = {isa = PBXBuildFile; fileRef = D3008D212C540E3F004C65C6 /* HorizontalSnappingController.swift */; };
		D3008D242C540E5E004C65C6 /* BetterSnappingLayout.swift in Sources */ = {isa = PBXBuildFile; fileRef = D3008D232C540E5E004C65C6 /* BetterSnappingLayout.swift */; };
		D3008D282C540F1E004C65C6 /* CalendarDayCell.swift in Sources */ = {isa = PBXBuildFile; fileRef = D3008D272C540F1E004C65C6 /* CalendarDayCell.swift */; };
		D3008D2B2C542D63004C65C6 /* CalendarDay.swift in Sources */ = {isa = PBXBuildFile; fileRef = D3008D2A2C542D63004C65C6 /* CalendarDay.swift */; };
		D3008D2E2C543537004C65C6 /* APIService.swift in Sources */ = {isa = PBXBuildFile; fileRef = D3008D2D2C543537004C65C6 /* APIService.swift */; };
		D3008D302C54359C004C65C6 /* Tasks.swift in Sources */ = {isa = PBXBuildFile; fileRef = D3008D2F2C54359C004C65C6 /* Tasks.swift */; };
		D30FB2212C51475800886CE4 /* AppDelegate.swift in Sources */ = {isa = PBXBuildFile; fileRef = D30FB2202C51475800886CE4 /* AppDelegate.swift */; };
		D30FB2232C51475800886CE4 /* SceneDelegate.swift in Sources */ = {isa = PBXBuildFile; fileRef = D30FB2222C51475800886CE4 /* SceneDelegate.swift */; };
		D30FB2252C51475800886CE4 /* MainTabBarController.swift in Sources */ = {isa = PBXBuildFile; fileRef = D30FB2242C51475800886CE4 /* MainTabBarController.swift */; };
		D30FB22A2C51475A00886CE4 /* Assets.xcassets in Resources */ = {isa = PBXBuildFile; fileRef = D30FB2292C51475A00886CE4 /* Assets.xcassets */; };
		D30FB22D2C51475A00886CE4 /* LaunchScreen.storyboard in Resources */ = {isa = PBXBuildFile; fileRef = D30FB22B2C51475A00886CE4 /* LaunchScreen.storyboard */; };
		D3B2EE792C5AC9A600940638 /* NotesController.swift in Sources */ = {isa = PBXBuildFile; fileRef = D3B2EE782C5AC9A600940638 /* NotesController.swift */; };
		D3B2EE7C2C5AC9D500940638 /* ProfileController.swift in Sources */ = {isa = PBXBuildFile; fileRef = D3B2EE7B2C5AC9D500940638 /* ProfileController.swift */; };
		D3B487FB2C5269FA00CDC2D3 /* HomeController.swift in Sources */ = {isa = PBXBuildFile; fileRef = D3B487FA2C5269FA00CDC2D3 /* HomeController.swift */; };
		D3B487FE2C526B2A00CDC2D3 /* AddController.swift in Sources */ = {isa = PBXBuildFile; fileRef = D3B487FD2C526B2A00CDC2D3 /* AddController.swift */; };
		D3B488012C526B4300CDC2D3 /* CalendarController.swift in Sources */ = {isa = PBXBuildFile; fileRef = D3B488002C526B4300CDC2D3 /* CalendarController.swift */; };
		D3B488042C526CBA00CDC2D3 /* UIColor+Extensions.swift in Sources */ = {isa = PBXBuildFile; fileRef = D3B488032C526CBA00CDC2D3 /* UIColor+Extensions.swift */; };
/* End PBXBuildFile section */

/* Begin PBXFileReference section */
		D3008D1A2C5402AB004C65C6 /* BaseListController.swift */ = {isa = PBXFileReference; lastKnownFileType = sourcecode.swift; path = BaseListController.swift; sourceTree = "<group>"; };
		D3008D1C2C540D7F004C65C6 /* CalendarHorizontalController.swift */ = {isa = PBXFileReference; lastKnownFileType = sourcecode.swift; path = CalendarHorizontalController.swift; sourceTree = "<group>"; };
		D3008D212C540E3F004C65C6 /* HorizontalSnappingController.swift */ = {isa = PBXFileReference; lastKnownFileType = sourcecode.swift; path = HorizontalSnappingController.swift; sourceTree = "<group>"; };
		D3008D232C540E5E004C65C6 /* BetterSnappingLayout.swift */ = {isa = PBXFileReference; lastKnownFileType = sourcecode.swift; path = BetterSnappingLayout.swift; sourceTree = "<group>"; };
		D3008D272C540F1E004C65C6 /* CalendarDayCell.swift */ = {isa = PBXFileReference; lastKnownFileType = sourcecode.swift; path = CalendarDayCell.swift; sourceTree = "<group>"; };
		D3008D2A2C542D63004C65C6 /* CalendarDay.swift */ = {isa = PBXFileReference; lastKnownFileType = sourcecode.swift; path = CalendarDay.swift; sourceTree = "<group>"; };
		D3008D2D2C543537004C65C6 /* APIService.swift */ = {isa = PBXFileReference; lastKnownFileType = sourcecode.swift; path = APIService.swift; sourceTree = "<group>"; };
		D3008D2F2C54359C004C65C6 /* Tasks.swift */ = {isa = PBXFileReference; lastKnownFileType = sourcecode.swift; path = Tasks.swift; sourceTree = "<group>"; };
		D30FB21D2C51475800886CE4 /* TaskManager_iOS.app */ = {isa = PBXFileReference; explicitFileType = wrapper.application; includeInIndex = 0; path = TaskManager_iOS.app; sourceTree = BUILT_PRODUCTS_DIR; };
		D30FB2202C51475800886CE4 /* AppDelegate.swift */ = {isa = PBXFileReference; lastKnownFileType = sourcecode.swift; path = AppDelegate.swift; sourceTree = "<group>"; };
		D30FB2222C51475800886CE4 /* SceneDelegate.swift */ = {isa = PBXFileReference; lastKnownFileType = sourcecode.swift; path = SceneDelegate.swift; sourceTree = "<group>"; };
		D30FB2242C51475800886CE4 /* MainTabBarController.swift */ = {isa = PBXFileReference; lastKnownFileType = sourcecode.swift; path = MainTabBarController.swift; sourceTree = "<group>"; };
		D30FB2292C51475A00886CE4 /* Assets.xcassets */ = {isa = PBXFileReference; lastKnownFileType = folder.assetcatalog; path = Assets.xcassets; sourceTree = "<group>"; };
		D30FB22C2C51475A00886CE4 /* Base */ = {isa = PBXFileReference; lastKnownFileType = file.storyboard; name = Base; path = Base.lproj/LaunchScreen.storyboard; sourceTree = "<group>"; };
		D30FB22E2C51475A00886CE4 /* Info.plist */ = {isa = PBXFileReference; lastKnownFileType = text.plist.xml; path = Info.plist; sourceTree = "<group>"; };
		D3B2EE782C5AC9A600940638 /* NotesController.swift */ = {isa = PBXFileReference; lastKnownFileType = sourcecode.swift; path = NotesController.swift; sourceTree = "<group>"; };
		D3B2EE7B2C5AC9D500940638 /* ProfileController.swift */ = {isa = PBXFileReference; lastKnownFileType = sourcecode.swift; path = ProfileController.swift; sourceTree = "<group>"; };
		D3B487FA2C5269FA00CDC2D3 /* HomeController.swift */ = {isa = PBXFileReference; lastKnownFileType = sourcecode.swift; path = HomeController.swift; sourceTree = "<group>"; };
		D3B487FD2C526B2A00CDC2D3 /* AddController.swift */ = {isa = PBXFileReference; lastKnownFileType = sourcecode.swift; path = AddController.swift; sourceTree = "<group>"; };
		D3B488002C526B4300CDC2D3 /* CalendarController.swift */ = {isa = PBXFileReference; lastKnownFileType = sourcecode.swift; path = CalendarController.swift; sourceTree = "<group>"; };
		D3B488032C526CBA00CDC2D3 /* UIColor+Extensions.swift */ = {isa = PBXFileReference; lastKnownFileType = sourcecode.swift; path = "UIColor+Extensions.swift"; sourceTree = "<group>"; };
/* End PBXFileReference section */

/* Begin PBXFrameworksBuildPhase section */
		D30FB21A2C51475800886CE4 /* Frameworks */ = {
			isa = PBXFrameworksBuildPhase;
			buildActionMask = 2147483647;
			files = (
				D3008D202C540DE1004C65C6 /* SnapKit in Frameworks */,
			);
			runOnlyForDeploymentPostprocessing = 0;
		};
/* End PBXFrameworksBuildPhase section */

/* Begin PBXGroup section */
		D3008D252C540EFB004C65C6 /* Views */ = {
			isa = PBXGroup;
			children = (
				D3008D262C540F08004C65C6 /* Calendar */,
			);
			path = Views;
			sourceTree = "<group>";
		};
		D3008D262C540F08004C65C6 /* Calendar */ = {
			isa = PBXGroup;
			children = (
				D3008D272C540F1E004C65C6 /* CalendarDayCell.swift */,
			);
			path = Calendar;
			sourceTree = "<group>";
		};
		D3008D292C542D4F004C65C6 /* Models */ = {
			isa = PBXGroup;
			children = (
				D3008D2A2C542D63004C65C6 /* CalendarDay.swift */,
				D3008D2F2C54359C004C65C6 /* Tasks.swift */,
			);
			path = Models;
			sourceTree = "<group>";
		};
		D3008D2C2C543412004C65C6 /* Service */ = {
			isa = PBXGroup;
			children = (
				D3008D2D2C543537004C65C6 /* APIService.swift */,
			);
			path = Service;
			sourceTree = "<group>";
		};
		D30FB2142C51475800886CE4 = {
			isa = PBXGroup;
			children = (
				D30FB21F2C51475800886CE4 /* TaskManager_iOS */,
				D30FB21E2C51475800886CE4 /* Products */,
			);
			sourceTree = "<group>";
		};
		D30FB21E2C51475800886CE4 /* Products */ = {
			isa = PBXGroup;
			children = (
				D30FB21D2C51475800886CE4 /* TaskManager_iOS.app */,
			);
			name = Products;
			sourceTree = "<group>";
		};
		D30FB21F2C51475800886CE4 /* TaskManager_iOS */ = {
			isa = PBXGroup;
			children = (
				D3008D2C2C543412004C65C6 /* Service */,
				D3008D292C542D4F004C65C6 /* Models */,
				D3008D252C540EFB004C65C6 /* Views */,
				D3B487F82C5269A600CDC2D3 /* Controllers */,
				D3B488022C526C9000CDC2D3 /* Helpers */,
				D30FB2202C51475800886CE4 /* AppDelegate.swift */,
				D30FB2222C51475800886CE4 /* SceneDelegate.swift */,
				D30FB2292C51475A00886CE4 /* Assets.xcassets */,
				D30FB22B2C51475A00886CE4 /* LaunchScreen.storyboard */,
				D30FB22E2C51475A00886CE4 /* Info.plist */,
			);
			path = TaskManager_iOS;
			sourceTree = "<group>";
		};
		D3B2EE772C5AC96900940638 /* Notes */ = {
			isa = PBXGroup;
			children = (
				D3B2EE782C5AC9A600940638 /* NotesController.swift */,
			);
			path = Notes;
			sourceTree = "<group>";
		};
		D3B2EE7A2C5AC9BA00940638 /* Profile */ = {
			isa = PBXGroup;
			children = (
				D3B2EE7B2C5AC9D500940638 /* ProfileController.swift */,
			);
			path = Profile;
			sourceTree = "<group>";
		};
		D3B487F82C5269A600CDC2D3 /* Controllers */ = {
			isa = PBXGroup;
			children = (
				D3B487F92C5269E400CDC2D3 /* Home */,
				D3B487FF2C526B3500CDC2D3 /* Calendar */,
				D3B487FC2C526B0E00CDC2D3 /* Add */,
				D3B2EE772C5AC96900940638 /* Notes */,
				D3B2EE7A2C5AC9BA00940638 /* Profile */,
				D30FB2242C51475800886CE4 /* MainTabBarController.swift */,
			);
			path = Controllers;
			sourceTree = "<group>";
		};
		D3B487F92C5269E400CDC2D3 /* Home */ = {
			isa = PBXGroup;
			children = (
				D3B487FA2C5269FA00CDC2D3 /* HomeController.swift */,
			);
			path = Home;
			sourceTree = "<group>";
		};
		D3B487FC2C526B0E00CDC2D3 /* Add */ = {
			isa = PBXGroup;
			children = (
				D3B487FD2C526B2A00CDC2D3 /* AddController.swift */,
			);
			path = Add;
			sourceTree = "<group>";
		};
		D3B487FF2C526B3500CDC2D3 /* Calendar */ = {
			isa = PBXGroup;
			children = (
				D3B488002C526B4300CDC2D3 /* CalendarController.swift */,
				D3008D1C2C540D7F004C65C6 /* CalendarHorizontalController.swift */,
			);
			path = Calendar;
			sourceTree = "<group>";
		};
		D3B488022C526C9000CDC2D3 /* Helpers */ = {
			isa = PBXGroup;
			children = (
				D3B488032C526CBA00CDC2D3 /* UIColor+Extensions.swift */,
				D3008D1A2C5402AB004C65C6 /* BaseListController.swift */,
				D3008D212C540E3F004C65C6 /* HorizontalSnappingController.swift */,
				D3008D232C540E5E004C65C6 /* BetterSnappingLayout.swift */,
			);
			path = Helpers;
			sourceTree = "<group>";
		};
/* End PBXGroup section */

/* Begin PBXNativeTarget section */
		D30FB21C2C51475800886CE4 /* TaskManager_iOS */ = {
			isa = PBXNativeTarget;
			buildConfigurationList = D30FB2312C51475A00886CE4 /* Build configuration list for PBXNativeTarget "TaskManager_iOS" */;
			buildPhases = (
				D30FB2192C51475800886CE4 /* Sources */,
				D30FB21A2C51475800886CE4 /* Frameworks */,
				D30FB21B2C51475800886CE4 /* Resources */,
			);
			buildRules = (
			);
			dependencies = (
			);
			name = TaskManager_iOS;
			packageProductDependencies = (
				D3008D1F2C540DE1004C65C6 /* SnapKit */,
			);
			productName = TaskManager_iOS;
			productReference = D30FB21D2C51475800886CE4 /* TaskManager_iOS.app */;
			productType = "com.apple.product-type.application";
		};
/* End PBXNativeTarget section */

/* Begin PBXProject section */
		D30FB2152C51475800886CE4 /* Project object */ = {
			isa = PBXProject;
			attributes = {
				BuildIndependentTargetsInParallel = 1;
				LastSwiftUpdateCheck = 1430;
				LastUpgradeCheck = 1430;
				TargetAttributes = {
					D30FB21C2C51475800886CE4 = {
						CreatedOnToolsVersion = 14.3.1;
					};
				};
			};
			buildConfigurationList = D30FB2182C51475800886CE4 /* Build configuration list for PBXProject "TaskManager_iOS" */;
			compatibilityVersion = "Xcode 14.0";
			developmentRegion = en;
			hasScannedForEncodings = 0;
			knownRegions = (
				en,
				Base,
			);
			mainGroup = D30FB2142C51475800886CE4;
			packageReferences = (
				D3008D1E2C540DE1004C65C6 /* XCRemoteSwiftPackageReference "SnapKit" */,
			);
			productRefGroup = D30FB21E2C51475800886CE4 /* Products */;
			projectDirPath = "";
			projectRoot = "";
			targets = (
				D30FB21C2C51475800886CE4 /* TaskManager_iOS */,
			);
		};
/* End PBXProject section */

/* Begin PBXResourcesBuildPhase section */
		D30FB21B2C51475800886CE4 /* Resources */ = {
			isa = PBXResourcesBuildPhase;
			buildActionMask = 2147483647;
			files = (
				D30FB22D2C51475A00886CE4 /* LaunchScreen.storyboard in Resources */,
				D30FB22A2C51475A00886CE4 /* Assets.xcassets in Resources */,
			);
			runOnlyForDeploymentPostprocessing = 0;
		};
/* End PBXResourcesBuildPhase section */

/* Begin PBXSourcesBuildPhase section */
		D30FB2192C51475800886CE4 /* Sources */ = {
			isa = PBXSourcesBuildPhase;
			buildActionMask = 2147483647;
			files = (
				D3B487FB2C5269FA00CDC2D3 /* HomeController.swift in Sources */,
				D3008D242C540E5E004C65C6 /* BetterSnappingLayout.swift in Sources */,
				D3008D1D2C540D7F004C65C6 /* CalendarHorizontalController.swift in Sources */,
				D3B488012C526B4300CDC2D3 /* CalendarController.swift in Sources */,
				D3B487FE2C526B2A00CDC2D3 /* AddController.swift in Sources */,
				D30FB2252C51475800886CE4 /* MainTabBarController.swift in Sources */,
				D3B488042C526CBA00CDC2D3 /* UIColor+Extensions.swift in Sources */,
				D3008D302C54359C004C65C6 /* Tasks.swift in Sources */,
				D3008D2B2C542D63004C65C6 /* CalendarDay.swift in Sources */,
				D3B2EE792C5AC9A600940638 /* NotesController.swift in Sources */,
				D3008D2E2C543537004C65C6 /* APIService.swift in Sources */,
				D30FB2212C51475800886CE4 /* AppDelegate.swift in Sources */,
				D3008D282C540F1E004C65C6 /* CalendarDayCell.swift in Sources */,
				D3008D1B2C5402AB004C65C6 /* BaseListController.swift in Sources */,
				D30FB2232C51475800886CE4 /* SceneDelegate.swift in Sources */,
				D3008D222C540E3F004C65C6 /* HorizontalSnappingController.swift in Sources */,
				D3B2EE7C2C5AC9D500940638 /* ProfileController.swift in Sources */,
			);
			runOnlyForDeploymentPostprocessing = 0;
		};
/* End PBXSourcesBuildPhase section */

/* Begin PBXVariantGroup section */
		D30FB22B2C51475A00886CE4 /* LaunchScreen.storyboard */ = {
			isa = PBXVariantGroup;
			children = (
				D30FB22C2C51475A00886CE4 /* Base */,
			);
			name = LaunchScreen.storyboard;
			sourceTree = "<group>";
		};
/* End PBXVariantGroup section */

/* Begin XCBuildConfiguration section */
		D30FB22F2C51475A00886CE4 /* Debug */ = {
			isa = XCBuildConfiguration;
			buildSettings = {
				ALWAYS_SEARCH_USER_PATHS = NO;
				CLANG_ANALYZER_NONNULL = YES;
				CLANG_ANALYZER_NUMBER_OBJECT_CONVERSION = YES_AGGRESSIVE;
				CLANG_CXX_LANGUAGE_STANDARD = "gnu++20";
				CLANG_ENABLE_MODULES = YES;
				CLANG_ENABLE_OBJC_ARC = YES;
				CLANG_ENABLE_OBJC_WEAK = YES;
				CLANG_WARN_BLOCK_CAPTURE_AUTORELEASING = YES;
				CLANG_WARN_BOOL_CONVERSION = YES;
				CLANG_WARN_COMMA = YES;
				CLANG_WARN_CONSTANT_CONVERSION = YES;
				CLANG_WARN_DEPRECATED_OBJC_IMPLEMENTATIONS = YES;
				CLANG_WARN_DIRECT_OBJC_ISA_USAGE = YES_ERROR;
				CLANG_WARN_DOCUMENTATION_COMMENTS = YES;
				CLANG_WARN_EMPTY_BODY = YES;
				CLANG_WARN_ENUM_CONVERSION = YES;
				CLANG_WARN_INFINITE_RECURSION = YES;
				CLANG_WARN_INT_CONVERSION = YES;
				CLANG_WARN_NON_LITERAL_NULL_CONVERSION = YES;
				CLANG_WARN_OBJC_IMPLICIT_RETAIN_SELF = YES;
				CLANG_WARN_OBJC_LITERAL_CONVERSION = YES;
				CLANG_WARN_OBJC_ROOT_CLASS = YES_ERROR;
				CLANG_WARN_QUOTED_INCLUDE_IN_FRAMEWORK_HEADER = YES;
				CLANG_WARN_RANGE_LOOP_ANALYSIS = YES;
				CLANG_WARN_STRICT_PROTOTYPES = YES;
				CLANG_WARN_SUSPICIOUS_MOVE = YES;
				CLANG_WARN_UNGUARDED_AVAILABILITY = YES_AGGRESSIVE;
				CLANG_WARN_UNREACHABLE_CODE = YES;
				CLANG_WARN__DUPLICATE_METHOD_MATCH = YES;
				COPY_PHASE_STRIP = NO;
				DEBUG_INFORMATION_FORMAT = dwarf;
				ENABLE_STRICT_OBJC_MSGSEND = YES;
				ENABLE_TESTABILITY = YES;
				GCC_C_LANGUAGE_STANDARD = gnu11;
				GCC_DYNAMIC_NO_PIC = NO;
				GCC_NO_COMMON_BLOCKS = YES;
				GCC_OPTIMIZATION_LEVEL = 0;
				GCC_PREPROCESSOR_DEFINITIONS = (
					"DEBUG=1",
					"$(inherited)",
				);
				GCC_WARN_64_TO_32_BIT_CONVERSION = YES;
				GCC_WARN_ABOUT_RETURN_TYPE = YES_ERROR;
				GCC_WARN_UNDECLARED_SELECTOR = YES;
				GCC_WARN_UNINITIALIZED_AUTOS = YES_AGGRESSIVE;
				GCC_WARN_UNUSED_FUNCTION = YES;
				GCC_WARN_UNUSED_VARIABLE = YES;
				IPHONEOS_DEPLOYMENT_TARGET = 16.4;
				MTL_ENABLE_DEBUG_INFO = INCLUDE_SOURCE;
				MTL_FAST_MATH = YES;
				ONLY_ACTIVE_ARCH = YES;
				SDKROOT = iphoneos;
				SWIFT_ACTIVE_COMPILATION_CONDITIONS = DEBUG;
				SWIFT_OPTIMIZATION_LEVEL = "-Onone";
			};
			name = Debug;
		};
		D30FB2302C51475A00886CE4 /* Release */ = {
			isa = XCBuildConfiguration;
			buildSettings = {
				ALWAYS_SEARCH_USER_PATHS = NO;
				CLANG_ANALYZER_NONNULL = YES;
				CLANG_ANALYZER_NUMBER_OBJECT_CONVERSION = YES_AGGRESSIVE;
				CLANG_CXX_LANGUAGE_STANDARD = "gnu++20";
				CLANG_ENABLE_MODULES = YES;
				CLANG_ENABLE_OBJC_ARC = YES;
				CLANG_ENABLE_OBJC_WEAK = YES;
				CLANG_WARN_BLOCK_CAPTURE_AUTORELEASING = YES;
				CLANG_WARN_BOOL_CONVERSION = YES;
				CLANG_WARN_COMMA = YES;
				CLANG_WARN_CONSTANT_CONVERSION = YES;
				CLANG_WARN_DEPRECATED_OBJC_IMPLEMENTATIONS = YES;
				CLANG_WARN_DIRECT_OBJC_ISA_USAGE = YES_ERROR;
				CLANG_WARN_DOCUMENTATION_COMMENTS = YES;
				CLANG_WARN_EMPTY_BODY = YES;
				CLANG_WARN_ENUM_CONVERSION = YES;
				CLANG_WARN_INFINITE_RECURSION = YES;
				CLANG_WARN_INT_CONVERSION = YES;
				CLANG_WARN_NON_LITERAL_NULL_CONVERSION = YES;
				CLANG_WARN_OBJC_IMPLICIT_RETAIN_SELF = YES;
				CLANG_WARN_OBJC_LITERAL_CONVERSION = YES;
				CLANG_WARN_OBJC_ROOT_CLASS = YES_ERROR;
				CLANG_WARN_QUOTED_INCLUDE_IN_FRAMEWORK_HEADER = YES;
				CLANG_WARN_RANGE_LOOP_ANALYSIS = YES;
				CLANG_WARN_STRICT_PROTOTYPES = YES;
				CLANG_WARN_SUSPICIOUS_MOVE = YES;
				CLANG_WARN_UNGUARDED_AVAILABILITY = YES_AGGRESSIVE;
				CLANG_WARN_UNREACHABLE_CODE = YES;
				CLANG_WARN__DUPLICATE_METHOD_MATCH = YES;
				COPY_PHASE_STRIP = NO;
				DEBUG_INFORMATION_FORMAT = "dwarf-with-dsym";
				ENABLE_NS_ASSERTIONS = NO;
				ENABLE_STRICT_OBJC_MSGSEND = YES;
				GCC_C_LANGUAGE_STANDARD = gnu11;
				GCC_NO_COMMON_BLOCKS = YES;
				GCC_WARN_64_TO_32_BIT_CONVERSION = YES;
				GCC_WARN_ABOUT_RETURN_TYPE = YES_ERROR;
				GCC_WARN_UNDECLARED_SELECTOR = YES;
				GCC_WARN_UNINITIALIZED_AUTOS = YES_AGGRESSIVE;
				GCC_WARN_UNUSED_FUNCTION = YES;
				GCC_WARN_UNUSED_VARIABLE = YES;
				IPHONEOS_DEPLOYMENT_TARGET = 16.4;
				MTL_ENABLE_DEBUG_INFO = NO;
				MTL_FAST_MATH = YES;
				SDKROOT = iphoneos;
				SWIFT_COMPILATION_MODE = wholemodule;
				SWIFT_OPTIMIZATION_LEVEL = "-O";
				VALIDATE_PRODUCT = YES;
			};
			name = Release;
		};
		D30FB2322C51475A00886CE4 /* Debug */ = {
			isa = XCBuildConfiguration;
			buildSettings = {
				ASSETCATALOG_COMPILER_APPICON_NAME = AppIcon;
				ASSETCATALOG_COMPILER_GLOBAL_ACCENT_COLOR_NAME = AccentColor;
				CODE_SIGN_STYLE = Automatic;
				CURRENT_PROJECT_VERSION = 1;
				GENERATE_INFOPLIST_FILE = YES;
				INFOPLIST_FILE = TaskManager_iOS/Info.plist;
				INFOPLIST_KEY_UIApplicationSupportsIndirectInputEvents = YES;
				INFOPLIST_KEY_UILaunchStoryboardName = LaunchScreen;
				INFOPLIST_KEY_UISupportedInterfaceOrientations_iPad = "UIInterfaceOrientationPortrait UIInterfaceOrientationPortraitUpsideDown UIInterfaceOrientationLandscapeLeft UIInterfaceOrientationLandscapeRight";
				INFOPLIST_KEY_UISupportedInterfaceOrientations_iPhone = "UIInterfaceOrientationPortrait UIInterfaceOrientationLandscapeLeft UIInterfaceOrientationLandscapeRight";
				LD_RUNPATH_SEARCH_PATHS = (
					"$(inherited)",
					"@executable_path/Frameworks",
				);
				MARKETING_VERSION = 1.0;
				PRODUCT_BUNDLE_IDENTIFIER = "farabiisa.TaskManager-iOS";
				PRODUCT_NAME = "$(TARGET_NAME)";
				SWIFT_EMIT_LOC_STRINGS = YES;
				SWIFT_VERSION = 5.0;
				TARGETED_DEVICE_FAMILY = "1,2";
			};
			name = Debug;
		};
		D30FB2332C51475A00886CE4 /* Release */ = {
			isa = XCBuildConfiguration;
			buildSettings = {
				ASSETCATALOG_COMPILER_APPICON_NAME = AppIcon;
				ASSETCATALOG_COMPILER_GLOBAL_ACCENT_COLOR_NAME = AccentColor;
				CODE_SIGN_STYLE = Automatic;
				CURRENT_PROJECT_VERSION = 1;
				GENERATE_INFOPLIST_FILE = YES;
				INFOPLIST_FILE = TaskManager_iOS/Info.plist;
				INFOPLIST_KEY_UIApplicationSupportsIndirectInputEvents = YES;
				INFOPLIST_KEY_UILaunchStoryboardName = LaunchScreen;
				INFOPLIST_KEY_UISupportedInterfaceOrientations_iPad = "UIInterfaceOrientationPortrait UIInterfaceOrientationPortraitUpsideDown UIInterfaceOrientationLandscapeLeft UIInterfaceOrientationLandscapeRight";
				INFOPLIST_KEY_UISupportedInterfaceOrientations_iPhone = "UIInterfaceOrientationPortrait UIInterfaceOrientationLandscapeLeft UIInterfaceOrientationLandscapeRight";
				LD_RUNPATH_SEARCH_PATHS = (
					"$(inherited)",
					"@executable_path/Frameworks",
				);
				MARKETING_VERSION = 1.0;
				PRODUCT_BUNDLE_IDENTIFIER = "farabiisa.TaskManager-iOS";
				PRODUCT_NAME = "$(TARGET_NAME)";
				SWIFT_EMIT_LOC_STRINGS = YES;
				SWIFT_VERSION = 5.0;
				TARGETED_DEVICE_FAMILY = "1,2";
			};
			name = Release;
		};
/* End XCBuildConfiguration section */

/* Begin XCConfigurationList section */
		D30FB2182C51475800886CE4 /* Build configuration list for PBXProject "TaskManager_iOS" */ = {
			isa = XCConfigurationList;
			buildConfigurations = (
				D30FB22F2C51475A00886CE4 /* Debug */,
				D30FB2302C51475A00886CE4 /* Release */,
			);
			defaultConfigurationIsVisible = 0;
			defaultConfigurationName = Release;
		};
		D30FB2312C51475A00886CE4 /* Build configuration list for PBXNativeTarget "TaskManager_iOS" */ = {
			isa = XCConfigurationList;
			buildConfigurations = (
				D30FB2322C51475A00886CE4 /* Debug */,
				D30FB2332C51475A00886CE4 /* Release */,
			);
			defaultConfigurationIsVisible = 0;
			defaultConfigurationName = Release;
		};
/* End XCConfigurationList section */

/* Begin XCRemoteSwiftPackageReference section */
		D3008D1E2C540DE1004C65C6 /* XCRemoteSwiftPackageReference "SnapKit" */ = {
			isa = XCRemoteSwiftPackageReference;
			repositoryURL = "https://github.com/SnapKit/SnapKit";
			requirement = {
				kind = upToNextMajorVersion;
				minimumVersion = 5.0.0;
			};
		};
/* End XCRemoteSwiftPackageReference section */

/* Begin XCSwiftPackageProductDependency section */
		D3008D1F2C540DE1004C65C6 /* SnapKit */ = {
			isa = XCSwiftPackageProductDependency;
			package = D3008D1E2C540DE1004C65C6 /* XCRemoteSwiftPackageReference "SnapKit" */;
			productName = SnapKit;
		};
/* End XCSwiftPackageProductDependency section */
	};
	rootObject = D30FB2152C51475800886CE4 /* Project object */;
}
